
Microsoft Visual Studio Solution File, Format Version 12.00
# Visual Studio Version 17
VisualStudioVersion = 17.4.33205.214
MinimumVisualStudioVersion = 10.0.40219.1
Project("{FAE04EC0-301F-11D3-BF4B-00C04F79EFBC}") = "MailService", "MailService\MailService.csproj", "{B61CD3EE-BDF0-4D04-B489-66E2A57C97A9}"
EndProject
Global
	GlobalSection(SolutionConfigurationPlatforms) = preSolution
		Debug|Any CPU = Debug|Any CPU
		Release|Any CPU = Release|Any CPU
	EndGlobalSection
	GlobalSection(ProjectConfigurationPlatforms) = postSolution
		{B61CD3EE-BDF0-4D04-B489-66E2A57C97A9}.Debug|Any CPU.ActiveCfg = Debug|Any CPU
		{B61CD3EE-BDF0-4D04-B489-66E2A57C97A9}.Debug|Any CPU.Build.0 = Debug|Any CPU
		{B61CD3EE-BDF0-4D04-B489-66E2A57C97A9}.Release|Any CPU.ActiveCfg = Release|Any CPU
		{B61CD3EE-BDF0-4D04-B489-66E2A57C97A9}.Release|Any CPU.Build.0 = Release|Any CPU
	EndGlobalSection
	GlobalSection(SolutionProperties) = preSolution
		HideSolutionNode = FALSE
	EndGlobalSection
	GlobalSection(ExtensibilityGlobals) = postSolution
		SolutionGuid = {8F756EE4-E5E6-4B10-9A78-2DC3156C4DFB}
	EndGlobalSection
EndGlobal
